// !$*UTF8*$!
{
	archiveVersion = 1;
	classes = {
	};
	objectVersion = 50;
	objects = {

/* Begin PBXBuildFile section */
		14397DF52313D26A00B49C29 /* AppDelegate.swift in Sources */ = {isa = PBXBuildFile; fileRef = 14397DF42313D26A00B49C29 /* AppDelegate.swift */; };
		14397DF72313D26A00B49C29 /* MainViewController.swift in Sources */ = {isa = PBXBuildFile; fileRef = 14397DF62313D26A00B49C29 /* MainViewController.swift */; };
		14397DF92313D26C00B49C29 /* Assets.xcassets in Resources */ = {isa = PBXBuildFile; fileRef = 14397DF82313D26C00B49C29 /* Assets.xcassets */; };
		14397DFC2313D26C00B49C29 /* Main.storyboard in Resources */ = {isa = PBXBuildFile; fileRef = 14397DFA2313D26C00B49C29 /* Main.storyboard */; };
		148D2DAA23CC189600CA4960 /* HappyTimeWindowController.swift in Sources */ = {isa = PBXBuildFile; fileRef = 148D2DA923CC189600CA4960 /* HappyTimeWindowController.swift */; };
		14ABE70423C5B66C003E0EE0 /* HappyTimeViewController.swift in Sources */ = {isa = PBXBuildFile; fileRef = 14ABE70323C5B66C003E0EE0 /* HappyTimeViewController.swift */; };
		14BBA3E023AB8CF1003EC046 /* Appearance.swift in Sources */ = {isa = PBXBuildFile; fileRef = 14BBA3DF23AB8CF1003EC046 /* Appearance.swift */; };
		14F291A92407E6270033239B /* DataCenter.swift in Sources */ = {isa = PBXBuildFile; fileRef = 14F291A82407E6270033239B /* DataCenter.swift */; };
		14F291AB2407E6E20033239B /* NS+Extension.swift in Sources */ = {isa = PBXBuildFile; fileRef = 14F291AA2407E6E20033239B /* NS+Extension.swift */; };
/* End PBXBuildFile section */

/* Begin PBXFileReference section */
		14397DF12313D26A00B49C29 /* HappyTime.app */ = {isa = PBXFileReference; explicitFileType = wrapper.application; includeInIndex = 0; path = HappyTime.app; sourceTree = BUILT_PRODUCTS_DIR; };
		14397DF42313D26A00B49C29 /* AppDelegate.swift */ = {isa = PBXFileReference; lastKnownFileType = sourcecode.swift; path = AppDelegate.swift; sourceTree = "<group>"; };
		14397DF62313D26A00B49C29 /* MainViewController.swift */ = {isa = PBXFileReference; lastKnownFileType = sourcecode.swift; path = MainViewController.swift; sourceTree = "<group>"; };
		14397DF82313D26C00B49C29 /* Assets.xcassets */ = {isa = PBXFileReference; lastKnownFileType = folder.assetcatalog; path = Assets.xcassets; sourceTree = "<group>"; };
		14397DFB2313D26C00B49C29 /* Base */ = {isa = PBXFileReference; lastKnownFileType = file.storyboard; name = Base; path = Base.lproj/Main.storyboard; sourceTree = "<group>"; };
		14397DFD2313D26C00B49C29 /* Info.plist */ = {isa = PBXFileReference; lastKnownFileType = text.plist.xml; path = Info.plist; sourceTree = "<group>"; };
		14397DFE2313D26C00B49C29 /* HappyTime.entitlements */ = {isa = PBXFileReference; lastKnownFileType = text.plist.entitlements; path = HappyTime.entitlements; sourceTree = "<group>"; };
		148D2DA923CC189600CA4960 /* HappyTimeWindowController.swift */ = {isa = PBXFileReference; lastKnownFileType = sourcecode.swift; path = HappyTimeWindowController.swift; sourceTree = "<group>"; };
		14ABE70323C5B66C003E0EE0 /* HappyTimeViewController.swift */ = {isa = PBXFileReference; lastKnownFileType = sourcecode.swift; path = HappyTimeViewController.swift; sourceTree = "<group>"; };
		14BBA3DF23AB8CF1003EC046 /* Appearance.swift */ = {isa = PBXFileReference; lastKnownFileType = sourcecode.swift; path = Appearance.swift; sourceTree = "<group>"; };
		14F291A82407E6270033239B /* DataCenter.swift */ = {isa = PBXFileReference; lastKnownFileType = sourcecode.swift; path = DataCenter.swift; sourceTree = "<group>"; };
		14F291AA2407E6E20033239B /* NS+Extension.swift */ = {isa = PBXFileReference; lastKnownFileType = sourcecode.swift; path = "NS+Extension.swift"; sourceTree = "<group>"; };
/* End PBXFileReference section */

/* Begin PBXFrameworksBuildPhase section */
		14397DEE2313D26A00B49C29 /* Frameworks */ = {
			isa = PBXFrameworksBuildPhase;
			buildActionMask = 2147483647;
			files = (
			);
			runOnlyForDeploymentPostprocessing = 0;
		};
/* End PBXFrameworksBuildPhase section */

/* Begin PBXGroup section */
		14397DE82313D26A00B49C29 = {
			isa = PBXGroup;
			children = (
				14397DF32313D26A00B49C29 /* HappyTime */,
				14397DF22313D26A00B49C29 /* Products */,
			);
			sourceTree = "<group>";
		};
		14397DF22313D26A00B49C29 /* Products */ = {
			isa = PBXGroup;
			children = (
				14397DF12313D26A00B49C29 /* HappyTime.app */,
			);
			name = Products;
			sourceTree = "<group>";
		};
		14397DF32313D26A00B49C29 /* HappyTime */ = {
			isa = PBXGroup;
			children = (
				14F291AD2407E78D0033239B /* Manager */,
				14F291AC2407E7700033239B /* ViewController */,
				14397DF42313D26A00B49C29 /* AppDelegate.swift */,
				14397DFA2313D26C00B49C29 /* Main.storyboard */,
				14397DFE2313D26C00B49C29 /* HappyTime.entitlements */,
				14397DFD2313D26C00B49C29 /* Info.plist */,
				14397DF82313D26C00B49C29 /* Assets.xcassets */,
			);
			path = HappyTime;
			sourceTree = "<group>";
		};
		14F291AC2407E7700033239B /* ViewController */ = {
			isa = PBXGroup;
			children = (
				14ABE70323C5B66C003E0EE0 /* HappyTimeViewController.swift */,
				148D2DA923CC189600CA4960 /* HappyTimeWindowController.swift */,
				14397DF62313D26A00B49C29 /* MainViewController.swift */,
			);
			path = ViewController;
			sourceTree = "<group>";
		};
		14F291AD2407E78D0033239B /* Manager */ = {
			isa = PBXGroup;
			children = (
				14BBA3DF23AB8CF1003EC046 /* Appearance.swift */,
				14F291A82407E6270033239B /* DataCenter.swift */,
				14F291AA2407E6E20033239B /* NS+Extension.swift */,
			);
			path = Manager;
			sourceTree = "<group>";
		};
/* End PBXGroup section */

/* Begin PBXNativeTarget section */
		14397DF02313D26A00B49C29 /* HappyTime */ = {
			isa = PBXNativeTarget;
			buildConfigurationList = 14397E012313D26C00B49C29 /* Build configuration list for PBXNativeTarget "HappyTime" */;
			buildPhases = (
				14397DED2313D26A00B49C29 /* Sources */,
				14397DEE2313D26A00B49C29 /* Frameworks */,
				14397DEF2313D26A00B49C29 /* Resources */,
			);
			buildRules = (
			);
			dependencies = (
			);
			name = HappyTime;
			productName = HappyTime;
			productReference = 14397DF12313D26A00B49C29 /* HappyTime.app */;
			productType = "com.apple.product-type.application";
		};
/* End PBXNativeTarget section */

/* Begin PBXProject section */
		14397DE92313D26A00B49C29 /* Project object */ = {
			isa = PBXProject;
			attributes = {
				LastSwiftUpdateCheck = 1020;
				LastUpgradeCheck = 1020;
				ORGANIZATIONNAME = "Wade Zhao";
				TargetAttributes = {
					14397DF02313D26A00B49C29 = {
						CreatedOnToolsVersion = 10.2;
					};
				};
			};
			buildConfigurationList = 14397DEC2313D26A00B49C29 /* Build configuration list for PBXProject "HappyTime" */;
			compatibilityVersion = "Xcode 9.3";
			developmentRegion = en;
			hasScannedForEncodings = 0;
			knownRegions = (
				en,
				Base,
			);
			mainGroup = 14397DE82313D26A00B49C29;
			productRefGroup = 14397DF22313D26A00B49C29 /* Products */;
			projectDirPath = "";
			projectRoot = "";
			targets = (
				14397DF02313D26A00B49C29 /* HappyTime */,
			);
		};
/* End PBXProject section */

/* Begin PBXResourcesBuildPhase section */
		14397DEF2313D26A00B49C29 /* Resources */ = {
			isa = PBXResourcesBuildPhase;
			buildActionMask = 2147483647;
			files = (
				14397DF92313D26C00B49C29 /* Assets.xcassets in Resources */,
				14397DFC2313D26C00B49C29 /* Main.storyboard in Resources */,
			);
			runOnlyForDeploymentPostprocessing = 0;
		};
/* End PBXResourcesBuildPhase section */

/* Begin PBXSourcesBuildPhase section */
		14397DED2313D26A00B49C29 /* Sources */ = {
			isa = PBXSourcesBuildPhase;
			buildActionMask = 2147483647;
			files = (
				14F291A92407E6270033239B /* DataCenter.swift in Sources */,
				14397DF72313D26A00B49C29 /* MainViewController.swift in Sources */,
				14F291AB2407E6E20033239B /* NS+Extension.swift in Sources */,
				14BBA3E023AB8CF1003EC046 /* Appearance.swift in Sources */,
				148D2DAA23CC189600CA4960 /* HappyTimeWindowController.swift in Sources */,
				14ABE70423C5B66C003E0EE0 /* HappyTimeViewController.swift in Sources */,
				14397DF52313D26A00B49C29 /* AppDelegate.swift in Sources */,
			);
			runOnlyForDeploymentPostprocessing = 0;
		};
/* End PBXSourcesBuildPhase section */

/* Begin PBXVariantGroup section */
		14397DFA2313D26C00B49C29 /* Main.storyboard */ = {
			isa = PBXVariantGroup;
			children = (
				14397DFB2313D26C00B49C29 /* Base */,
			);
			name = Main.storyboard;
			sourceTree = "<group>";
		};
/* End PBXVariantGroup section */

/* Begin XCBuildConfiguration section */
		14397DFF2313D26C00B49C29 /* Debug */ = {
			isa = XCBuildConfiguration;
			buildSettings = {
				ALWAYS_SEARCH_USER_PATHS = NO;
				CLANG_ANALYZER_NONNULL = YES;
				CLANG_ANALYZER_NUMBER_OBJECT_CONVERSION = YES_AGGRESSIVE;
				CLANG_CXX_LANGUAGE_STANDARD = "gnu++14";
				CLANG_CXX_LIBRARY = "libc++";
				CLANG_ENABLE_MODULES = YES;
				CLANG_ENABLE_OBJC_ARC = YES;
				CLANG_ENABLE_OBJC_WEAK = YES;
				CLANG_WARN_BLOCK_CAPTURE_AUTORELEASING = YES;
				CLANG_WARN_BOOL_CONVERSION = YES;
				CLANG_WARN_COMMA = YES;
				CLANG_WARN_CONSTANT_CONVERSION = YES;
				CLANG_WARN_DEPRECATED_OBJC_IMPLEMENTATIONS = YES;
				CLANG_WARN_DIRECT_OBJC_ISA_USAGE = YES_ERROR;
				CLANG_WARN_DOCUMENTATION_COMMENTS = YES;
				CLANG_WARN_EMPTY_BODY = YES;
				CLANG_WARN_ENUM_CONVERSION = YES;
				CLANG_WARN_INFINITE_RECURSION = YES;
				CLANG_WARN_INT_CONVERSION = YES;
				CLANG_WARN_NON_LITERAL_NULL_CONVERSION = YES;
				CLANG_WARN_OBJC_IMPLICIT_RETAIN_SELF = YES;
				CLANG_WARN_OBJC_LITERAL_CONVERSION = YES;
				CLANG_WARN_OBJC_ROOT_CLASS = YES_ERROR;
				CLANG_WARN_RANGE_LOOP_ANALYSIS = YES;
				CLANG_WARN_STRICT_PROTOTYPES = YES;
				CLANG_WARN_SUSPICIOUS_MOVE = YES;
				CLANG_WARN_UNGUARDED_AVAILABILITY = YES_AGGRESSIVE;
				CLANG_WARN_UNREACHABLE_CODE = YES;
				CLANG_WARN__DUPLICATE_METHOD_MATCH = YES;
				CODE_SIGN_IDENTITY = "Mac Developer";
				COPY_PHASE_STRIP = NO;
				DEBUG_INFORMATION_FORMAT = dwarf;
				ENABLE_STRICT_OBJC_MSGSEND = YES;
				ENABLE_TESTABILITY = YES;
				GCC_C_LANGUAGE_STANDARD = gnu11;
				GCC_DYNAMIC_NO_PIC = NO;
				GCC_NO_COMMON_BLOCKS = YES;
				GCC_OPTIMIZATION_LEVEL = 0;
				GCC_PREPROCESSOR_DEFINITIONS = (
					"DEBUG=1",
					"$(inherited)",
				);
				GCC_WARN_64_TO_32_BIT_CONVERSION = YES;
				GCC_WARN_ABOUT_RETURN_TYPE = YES_ERROR;
				GCC_WARN_UNDECLARED_SELECTOR = YES;
				GCC_WARN_UNINITIALIZED_AUTOS = YES_AGGRESSIVE;
				GCC_WARN_UNUSED_FUNCTION = YES;
				GCC_WARN_UNUSED_VARIABLE = YES;
				MACOSX_DEPLOYMENT_TARGET = 10.14;
				MTL_ENABLE_DEBUG_INFO = INCLUDE_SOURCE;
				MTL_FAST_MATH = YES;
				ONLY_ACTIVE_ARCH = YES;
				SDKROOT = macosx;
				SWIFT_ACTIVE_COMPILATION_CONDITIONS = DEBUG;
				SWIFT_OPTIMIZATION_LEVEL = "-Onone";
			};
			name = Debug;
		};
		14397E002313D26C00B49C29 /* Release */ = {
			isa = XCBuildConfiguration;
			buildSettings = {
				ALWAYS_SEARCH_USER_PATHS = NO;
				CLANG_ANALYZER_NONNULL = YES;
				CLANG_ANALYZER_NUMBER_OBJECT_CONVERSION = YES_AGGRESSIVE;
				CLANG_CXX_LANGUAGE_STANDARD = "gnu++14";
				CLANG_CXX_LIBRARY = "libc++";
				CLANG_ENABLE_MODULES = YES;
				CLANG_ENABLE_OBJC_ARC = YES;
				CLANG_ENABLE_OBJC_WEAK = YES;
				CLANG_WARN_BLOCK_CAPTURE_AUTORELEASING = YES;
				CLANG_WARN_BOOL_CONVERSION = YES;
				CLANG_WARN_COMMA = YES;
				CLANG_WARN_CONSTANT_CONVERSION = YES;
				CLANG_WARN_DEPRECATED_OBJC_IMPLEMENTATIONS = YES;
				CLANG_WARN_DIRECT_OBJC_ISA_USAGE = YES_ERROR;
				CLANG_WARN_DOCUMENTATION_COMMENTS = YES;
				CLANG_WARN_EMPTY_BODY = YES;
				CLANG_WARN_ENUM_CONVERSION = YES;
				CLANG_WARN_INFINITE_RECURSION = YES;
				CLANG_WARN_INT_CONVERSION = YES;
				CLANG_WARN_NON_LITERAL_NULL_CONVERSION = YES;
				CLANG_WARN_OBJC_IMPLICIT_RETAIN_SELF = YES;
				CLANG_WARN_OBJC_LITERAL_CONVERSION = YES;
				CLANG_WARN_OBJC_ROOT_CLASS = YES_ERROR;
				CLANG_WARN_RANGE_LOOP_ANALYSIS = YES;
				CLANG_WARN_STRICT_PROTOTYPES = YES;
				CLANG_WARN_SUSPICIOUS_MOVE = YES;
				CLANG_WARN_UNGUARDED_AVAILABILITY = YES_AGGRESSIVE;
				CLANG_WARN_UNREACHABLE_CODE = YES;
				CLANG_WARN__DUPLICATE_METHOD_MATCH = YES;
				CODE_SIGN_IDENTITY = "Mac Developer";
				COPY_PHASE_STRIP = NO;
				DEBUG_INFORMATION_FORMAT = "dwarf-with-dsym";
				ENABLE_NS_ASSERTIONS = NO;
				ENABLE_STRICT_OBJC_MSGSEND = YES;
				GCC_C_LANGUAGE_STANDARD = gnu11;
				GCC_NO_COMMON_BLOCKS = YES;
				GCC_WARN_64_TO_32_BIT_CONVERSION = YES;
				GCC_WARN_ABOUT_RETURN_TYPE = YES_ERROR;
				GCC_WARN_UNDECLARED_SELECTOR = YES;
				GCC_WARN_UNINITIALIZED_AUTOS = YES_AGGRESSIVE;
				GCC_WARN_UNUSED_FUNCTION = YES;
				GCC_WARN_UNUSED_VARIABLE = YES;
				MACOSX_DEPLOYMENT_TARGET = 10.14;
				MTL_ENABLE_DEBUG_INFO = NO;
				MTL_FAST_MATH = YES;
				SDKROOT = macosx;
				SWIFT_COMPILATION_MODE = wholemodule;
				SWIFT_OPTIMIZATION_LEVEL = "-O";
			};
			name = Release;
		};
		14397E022313D26C00B49C29 /* Debug */ = {
			isa = XCBuildConfiguration;
			buildSettings = {
				ASSETCATALOG_COMPILER_APPICON_NAME = AppIcon;
				CODE_SIGN_ENTITLEMENTS = HappyTime/HappyTime.entitlements;
				CODE_SIGN_STYLE = Automatic;
				COMBINE_HIDPI_IMAGES = YES;
				DEVELOPMENT_TEAM = CTHFGU8S85;
				INFOPLIST_FILE = HappyTime/Info.plist;
				LD_RUNPATH_SEARCH_PATHS = (
					"$(inherited)",
					"@executable_path/../Frameworks",
				);
				PRODUCT_BUNDLE_IDENTIFIER = Wade.Zhao.HappyTime;
				PRODUCT_NAME = "$(TARGET_NAME)";
				SWIFT_VERSION = 5.0;
			};
			name = Debug;
		};
		14397E032313D26C00B49C29 /* Release */ = {
			isa = XCBuildConfiguration;
			buildSettings = {
				ASSETCATALOG_COMPILER_APPICON_NAME = AppIcon;
				CODE_SIGN_ENTITLEMENTS = HappyTime/HappyTime.entitlements;
				CODE_SIGN_STYLE = Automatic;
				COMBINE_HIDPI_IMAGES = YES;
				DEVELOPMENT_TEAM = CTHFGU8S85;
				INFOPLIST_FILE = HappyTime/Info.plist;
				LD_RUNPATH_SEARCH_PATHS = (
					"$(inherited)",
					"@executable_path/../Frameworks",
				);
				PRODUCT_BUNDLE_IDENTIFIER = Wade.Zhao.HappyTime;
				PRODUCT_NAME = "$(TARGET_NAME)";
				SWIFT_VERSION = 5.0;
			};
			name = Release;
		};
/* End XCBuildConfiguration section */

/* Begin XCConfigurationList section */
		14397DEC2313D26A00B49C29 /* Build configuration list for PBXProject "HappyTime" */ = {
			isa = XCConfigurationList;
			buildConfigurations = (
				14397DFF2313D26C00B49C29 /* Debug */,
				14397E002313D26C00B49C29 /* Release */,
			);
			defaultConfigurationIsVisible = 0;
			defaultConfigurationName = Release;
		};
		14397E012313D26C00B49C29 /* Build configuration list for PBXNativeTarget "HappyTime" */ = {
			isa = XCConfigurationList;
			buildConfigurations = (
				14397E022313D26C00B49C29 /* Debug */,
				14397E032313D26C00B49C29 /* Release */,
			);
			defaultConfigurationIsVisible = 0;
			defaultConfigurationName = Release;
		};
/* End XCConfigurationList section */
	};
	rootObject = 14397DE92313D26A00B49C29 /* Project object */;
}
